// !$*UTF8*$!
{
	archiveVersion = 1;
	classes = {
	};
	objectVersion = 56;
	objects = {

/* Begin PBXBuildFile section */
		182B42B629BBA82800F06778 /* Storyboard.storyboard in Resources */ = {isa = PBXBuildFile; fileRef = 182B42B529BBA82800F06778 /* Storyboard.storyboard */; };
		182B42C929BBB1C500F06778 /* Colorful in Frameworks */ = {isa = PBXBuildFile; productRef = 182B42C829BBB1C500F06778 /* Colorful */; };
		182B436529BC5C8700F06778 /* SessionsView.swift in Sources */ = {isa = PBXBuildFile; fileRef = 182B436029BC5C8700F06778 /* SessionsView.swift */; };
		182B436629BC5C8700F06778 /* View.swift in Sources */ = {isa = PBXBuildFile; fileRef = 182B436129BC5C8700F06778 /* View.swift */; };
		182B436729BC5C8700F06778 /* ChatRoomView.swift in Sources */ = {isa = PBXBuildFile; fileRef = 182B436229BC5C8700F06778 /* ChatRoomView.swift */; };
		182B436829BC5C8700F06778 /* MainContentView.swift in Sources */ = {isa = PBXBuildFile; fileRef = 182B436329BC5C8700F06778 /* MainContentView.swift */; };
		182B436929BC5C8700F06778 /* UserInitializeView.swift in Sources */ = {isa = PBXBuildFile; fileRef = 182B436429BC5C8700F06778 /* UserInitializeView.swift */; };
		182B436B29BC5CBA00F06778 /* AppDelegate.swift in Sources */ = {isa = PBXBuildFile; fileRef = 182B436A29BC5CBA00F06778 /* AppDelegate.swift */; };
		182B437229BC5D1B00F06778 /* HTTPClient.swift in Sources */ = {isa = PBXBuildFile; fileRef = 182B436D29BC5D1B00F06778 /* HTTPClient.swift */; };
		182B437329BC5D1B00F06778 /* CoreDataManager.swift in Sources */ = {isa = PBXBuildFile; fileRef = 182B436F29BC5D1B00F06778 /* CoreDataManager.swift */; };
		182B437429BC5D1B00F06778 /* ViewModel.swift in Sources */ = {isa = PBXBuildFile; fileRef = 182B437029BC5D1B00F06778 /* ViewModel.swift */; };
		182B437529BC5D1B00F06778 /* ChatGPTManager.swift in Sources */ = {isa = PBXBuildFile; fileRef = 182B437129BC5D1B00F06778 /* ChatGPTManager.swift */; };
		182B437929BC5D6200F06778 /* OSXChatGPTApp.swift in Sources */ = {isa = PBXBuildFile; fileRef = 182B437829BC5D6200F06778 /* OSXChatGPTApp.swift */; };
		182B437B29BC5FBE00F06778 /* EnterAPIView.swift in Sources */ = {isa = PBXBuildFile; fileRef = 182B437A29BC5FBE00F06778 /* EnterAPIView.swift */; };
		182B43A429BF730300F06778 /* NSColor.swift in Sources */ = {isa = PBXBuildFile; fileRef = 182B43A329BF730300F06778 /* NSColor.swift */; };
		188FB46729C1FA9700E3C18F /* EidtSessionRemarkView.swift in Sources */ = {isa = PBXBuildFile; fileRef = 188FB46629C1FA9700E3C18F /* EidtSessionRemarkView.swift */; };
		CB0F5A5929D057FF005B71D2 /* Splash in Frameworks */ = {isa = PBXBuildFile; productRef = CB0F5A5829D057FF005B71D2 /* Splash */; };
		CB0F5A5B29D057FF005B71D2 /* SplashMarkdown in Frameworks */ = {isa = PBXBuildFile; productRef = CB0F5A5A29D057FF005B71D2 /* SplashMarkdown */; };
		CB0F5A5F29D059C4005B71D2 /* TextOutputFormat.swift in Sources */ = {isa = PBXBuildFile; fileRef = CB0F5A5D29D059C4005B71D2 /* TextOutputFormat.swift */; };
		CB0F5A6029D059C4005B71D2 /* SplashCodeSyntaxHighlighter.swift in Sources */ = {isa = PBXBuildFile; fileRef = CB0F5A5E29D059C4005B71D2 /* SplashCodeSyntaxHighlighter.swift */; };
		CB1DCAC629B4F09F00B1D4E1 /* Assets.xcassets in Resources */ = {isa = PBXBuildFile; fileRef = CB1DCAC529B4F09F00B1D4E1 /* Assets.xcassets */; };
		CB1DCAC929B4F09F00B1D4E1 /* Preview Assets.xcassets in Resources */ = {isa = PBXBuildFile; fileRef = CB1DCAC829B4F09F00B1D4E1 /* Preview Assets.xcassets */; };
		CB27655C29D1C12C00897E0E /* MarkdownView.swift in Sources */ = {isa = PBXBuildFile; fileRef = CB27655B29D1C12C00897E0E /* MarkdownView.swift */; };
		CB27656629D1DA9800897E0E /* AIPromptView.swift in Sources */ = {isa = PBXBuildFile; fileRef = CB27656529D1DA9800897E0E /* AIPromptView.swift */; };
		CB27656929D1E65100897E0E /* Conversation+CoreDataClass.swift in Sources */ = {isa = PBXBuildFile; fileRef = CB27656729D1E65100897E0E /* Conversation+CoreDataClass.swift */; };
		CB27656A29D1E65100897E0E /* Conversation+CoreDataProperties.swift in Sources */ = {isa = PBXBuildFile; fileRef = CB27656829D1E65100897E0E /* Conversation+CoreDataProperties.swift */; };
		CB27657329D30F1400897E0E /* AIPromptViewMdoel.swift in Sources */ = {isa = PBXBuildFile; fileRef = CB27657229D30F1400897E0E /* AIPromptViewMdoel.swift */; };
		CB27657529D33D7A00897E0E /* AIPromptInputView.swift in Sources */ = {isa = PBXBuildFile; fileRef = CB27657429D33D7A00897E0E /* AIPromptInputView.swift */; };
		CB28A52229C07BE500F0286A /* KeyboardMonitor.swift in Sources */ = {isa = PBXBuildFile; fileRef = CB28A52129C07BE500F0286A /* KeyboardMonitor.swift */; };
		CB28A52829C1569900F0286A /* ThinkingAnimationView.swift in Sources */ = {isa = PBXBuildFile; fileRef = CB28A52729C1569900F0286A /* ThinkingAnimationView.swift */; };
		CB2F971F29CE12B6004EBD96 /* MarkdownUI in Frameworks */ = {isa = PBXBuildFile; productRef = CB2F971E29CE12B6004EBD96 /* MarkdownUI */; };
		CB2F972029CE1ADC004EBD96 /* OSXChatGPT.xcdatamodeld in Sources */ = {isa = PBXBuildFile; fileRef = CBC4B0FD29B8BF9600650296 /* OSXChatGPT.xcdatamodeld */; };
		CB2F972229CED6AE004EBD96 /* ChatRoomInputView.swift in Sources */ = {isa = PBXBuildFile; fileRef = CB2F972129CED6AE004EBD96 /* ChatRoomInputView.swift */; };
		CB2F972829CEFB65004EBD96 /* ChatRoomToolBar.swift in Sources */ = {isa = PBXBuildFile; fileRef = CB2F972729CEFB65004EBD96 /* ChatRoomToolBar.swift */; };
		CB53A3BB29D4795300A5B8FC /* AIPromptDataManager.swift in Sources */ = {isa = PBXBuildFile; fileRef = CB53A3BA29D4795300A5B8FC /* AIPromptDataManager.swift */; };
		CB53A3BE29D48C8F00A5B8FC /* Prompt+CoreDataClass.swift in Sources */ = {isa = PBXBuildFile; fileRef = CB53A3BC29D48C8F00A5B8FC /* Prompt+CoreDataClass.swift */; };
		CB53A3BF29D48C8F00A5B8FC /* Prompt+CoreDataProperties.swift in Sources */ = {isa = PBXBuildFile; fileRef = CB53A3BD29D48C8F00A5B8FC /* Prompt+CoreDataProperties.swift */; };
		CBC4B12329B8D28D00650296 /* Message+CoreDataClass.swift in Sources */ = {isa = PBXBuildFile; fileRef = CBC4B11D29B8D28D00650296 /* Message+CoreDataClass.swift */; };
		CBC4B12429B8D28D00650296 /* Message+CoreDataProperties.swift in Sources */ = {isa = PBXBuildFile; fileRef = CBC4B11E29B8D28D00650296 /* Message+CoreDataProperties.swift */; };
/* End PBXBuildFile section */

/* Begin PBXFileReference section */
		182B42B529BBA82800F06778 /* Storyboard.storyboard */ = {isa = PBXFileReference; lastKnownFileType = file.storyboard; path = Storyboard.storyboard; sourceTree = "<group>"; };
		182B436029BC5C8700F06778 /* SessionsView.swift */ = {isa = PBXFileReference; fileEncoding = 4; lastKnownFileType = sourcecode.swift; path = SessionsView.swift; sourceTree = "<group>"; };
		182B436129BC5C8700F06778 /* View.swift */ = {isa = PBXFileReference; fileEncoding = 4; lastKnownFileType = sourcecode.swift; path = View.swift; sourceTree = "<group>"; };
		182B436229BC5C8700F06778 /* ChatRoomView.swift */ = {isa = PBXFileReference; fileEncoding = 4; lastKnownFileType = sourcecode.swift; path = ChatRoomView.swift; sourceTree = "<group>"; };
		182B436329BC5C8700F06778 /* MainContentView.swift */ = {isa = PBXFileReference; fileEncoding = 4; lastKnownFileType = sourcecode.swift; path = MainContentView.swift; sourceTree = "<group>"; };
		182B436429BC5C8700F06778 /* UserInitializeView.swift */ = {isa = PBXFileReference; fileEncoding = 4; lastKnownFileType = sourcecode.swift; path = UserInitializeView.swift; sourceTree = "<group>"; };
		182B436A29BC5CBA00F06778 /* AppDelegate.swift */ = {isa = PBXFileReference; fileEncoding = 4; lastKnownFileType = sourcecode.swift; path = AppDelegate.swift; sourceTree = "<group>"; };
		182B436D29BC5D1B00F06778 /* HTTPClient.swift */ = {isa = PBXFileReference; fileEncoding = 4; lastKnownFileType = sourcecode.swift; path = HTTPClient.swift; sourceTree = "<group>"; };
		182B436F29BC5D1B00F06778 /* CoreDataManager.swift */ = {isa = PBXFileReference; fileEncoding = 4; lastKnownFileType = sourcecode.swift; path = CoreDataManager.swift; sourceTree = "<group>"; };
		182B437029BC5D1B00F06778 /* ViewModel.swift */ = {isa = PBXFileReference; fileEncoding = 4; lastKnownFileType = sourcecode.swift; path = ViewModel.swift; sourceTree = "<group>"; };
		182B437129BC5D1B00F06778 /* ChatGPTManager.swift */ = {isa = PBXFileReference; fileEncoding = 4; lastKnownFileType = sourcecode.swift; path = ChatGPTManager.swift; sourceTree = "<group>"; };
		182B437829BC5D6200F06778 /* OSXChatGPTApp.swift */ = {isa = PBXFileReference; fileEncoding = 4; lastKnownFileType = sourcecode.swift; path = OSXChatGPTApp.swift; sourceTree = "<group>"; };
		182B437A29BC5FBE00F06778 /* EnterAPIView.swift */ = {isa = PBXFileReference; lastKnownFileType = sourcecode.swift; path = EnterAPIView.swift; sourceTree = "<group>"; };
		182B43A329BF730300F06778 /* NSColor.swift */ = {isa = PBXFileReference; lastKnownFileType = sourcecode.swift; path = NSColor.swift; sourceTree = "<group>"; };
		188FB46629C1FA9700E3C18F /* EidtSessionRemarkView.swift */ = {isa = PBXFileReference; lastKnownFileType = sourcecode.swift; path = EidtSessionRemarkView.swift; sourceTree = "<group>"; };
		CB0F5A5D29D059C4005B71D2 /* TextOutputFormat.swift */ = {isa = PBXFileReference; fileEncoding = 4; lastKnownFileType = sourcecode.swift; path = TextOutputFormat.swift; sourceTree = "<group>"; };
		CB0F5A5E29D059C4005B71D2 /* SplashCodeSyntaxHighlighter.swift */ = {isa = PBXFileReference; fileEncoding = 4; lastKnownFileType = sourcecode.swift; path = SplashCodeSyntaxHighlighter.swift; sourceTree = "<group>"; };
		CB1DCABE29B4F09D00B1D4E1 /* OSXChatGPT.app */ = {isa = PBXFileReference; explicitFileType = wrapper.application; includeInIndex = 0; path = OSXChatGPT.app; sourceTree = BUILT_PRODUCTS_DIR; };
		CB1DCAC529B4F09F00B1D4E1 /* Assets.xcassets */ = {isa = PBXFileReference; lastKnownFileType = folder.assetcatalog; path = Assets.xcassets; sourceTree = "<group>"; };
		CB1DCAC829B4F09F00B1D4E1 /* Preview Assets.xcassets */ = {isa = PBXFileReference; lastKnownFileType = folder.assetcatalog; path = "Preview Assets.xcassets"; sourceTree = "<group>"; };
		CB1DCACA29B4F09F00B1D4E1 /* OSXChatGPT.entitlements */ = {isa = PBXFileReference; lastKnownFileType = text.plist.entitlements; path = OSXChatGPT.entitlements; sourceTree = "<group>"; };
		CB228EA129CD4949006B3559 /* libz.tbd */ = {isa = PBXFileReference; lastKnownFileType = "sourcecode.text-based-dylib-definition"; name = libz.tbd; path = usr/lib/libz.tbd; sourceTree = SDKROOT; };
		CB27655B29D1C12C00897E0E /* MarkdownView.swift */ = {isa = PBXFileReference; fileEncoding = 4; lastKnownFileType = sourcecode.swift; path = MarkdownView.swift; sourceTree = "<group>"; };
		CB27656529D1DA9800897E0E /* AIPromptView.swift */ = {isa = PBXFileReference; lastKnownFileType = sourcecode.swift; path = AIPromptView.swift; sourceTree = "<group>"; };
		CB27656729D1E65100897E0E /* Conversation+CoreDataClass.swift */ = {isa = PBXFileReference; lastKnownFileType = sourcecode.swift; path = "Conversation+CoreDataClass.swift"; sourceTree = "<group>"; };
		CB27656829D1E65100897E0E /* Conversation+CoreDataProperties.swift */ = {isa = PBXFileReference; lastKnownFileType = sourcecode.swift; path = "Conversation+CoreDataProperties.swift"; sourceTree = "<group>"; };
		CB27657229D30F1400897E0E /* AIPromptViewMdoel.swift */ = {isa = PBXFileReference; lastKnownFileType = sourcecode.swift; path = AIPromptViewMdoel.swift; sourceTree = "<group>"; };
		CB27657429D33D7A00897E0E /* AIPromptInputView.swift */ = {isa = PBXFileReference; lastKnownFileType = sourcecode.swift; path = AIPromptInputView.swift; sourceTree = "<group>"; };
		CB28A52129C07BE500F0286A /* KeyboardMonitor.swift */ = {isa = PBXFileReference; fileEncoding = 4; lastKnownFileType = sourcecode.swift; path = KeyboardMonitor.swift; sourceTree = "<group>"; };
		CB28A52729C1569900F0286A /* ThinkingAnimationView.swift */ = {isa = PBXFileReference; lastKnownFileType = sourcecode.swift; path = ThinkingAnimationView.swift; sourceTree = "<group>"; };
		CB2F972129CED6AE004EBD96 /* ChatRoomInputView.swift */ = {isa = PBXFileReference; lastKnownFileType = sourcecode.swift; path = ChatRoomInputView.swift; sourceTree = "<group>"; };
		CB2F972729CEFB65004EBD96 /* ChatRoomToolBar.swift */ = {isa = PBXFileReference; lastKnownFileType = sourcecode.swift; path = ChatRoomToolBar.swift; sourceTree = "<group>"; };
		CB53A3BA29D4795300A5B8FC /* AIPromptDataManager.swift */ = {isa = PBXFileReference; lastKnownFileType = sourcecode.swift; path = AIPromptDataManager.swift; sourceTree = "<group>"; };
		CB53A3BC29D48C8F00A5B8FC /* Prompt+CoreDataClass.swift */ = {isa = PBXFileReference; lastKnownFileType = sourcecode.swift; path = "Prompt+CoreDataClass.swift"; sourceTree = "<group>"; };
		CB53A3BD29D48C8F00A5B8FC /* Prompt+CoreDataProperties.swift */ = {isa = PBXFileReference; lastKnownFileType = sourcecode.swift; path = "Prompt+CoreDataProperties.swift"; sourceTree = "<group>"; };
		CBC4B0FE29B8BF9600650296 /* OSXChatGPT.xcdatamodel */ = {isa = PBXFileReference; lastKnownFileType = wrapper.xcdatamodel; path = OSXChatGPT.xcdatamodel; sourceTree = "<group>"; };
		CBC4B11D29B8D28D00650296 /* Message+CoreDataClass.swift */ = {isa = PBXFileReference; lastKnownFileType = sourcecode.swift; path = "Message+CoreDataClass.swift"; sourceTree = "<group>"; };
		CBC4B11E29B8D28D00650296 /* Message+CoreDataProperties.swift */ = {isa = PBXFileReference; lastKnownFileType = sourcecode.swift; path = "Message+CoreDataProperties.swift"; sourceTree = "<group>"; };
/* End PBXFileReference section */

/* Begin PBXFrameworksBuildPhase section */
		CB1DCABB29B4F09D00B1D4E1 /* Frameworks */ = {
			isa = PBXFrameworksBuildPhase;
			buildActionMask = 2147483647;
			files = (
				CB0F5A5B29D057FF005B71D2 /* SplashMarkdown in Frameworks */,
				182B42C929BBB1C500F06778 /* Colorful in Frameworks */,
				CB2F971F29CE12B6004EBD96 /* MarkdownUI in Frameworks */,
				CB0F5A5929D057FF005B71D2 /* Splash in Frameworks */,
			);
			runOnlyForDeploymentPostprocessing = 0;
		};
/* End PBXFrameworksBuildPhase section */

/* Begin PBXGroup section */
		182B42C229BBB00500F06778 /* Frameworks */ = {
			isa = PBXGroup;
			children = (
				CB228EA129CD4949006B3559 /* libz.tbd */,
			);
			name = Frameworks;
			sourceTree = "<group>";
		};
		182B435E29BC5C8700F06778 /* Interface */ = {
			isa = PBXGroup;
			children = (
				182B436A29BC5CBA00F06778 /* AppDelegate.swift */,
				182B437829BC5D6200F06778 /* OSXChatGPTApp.swift */,
			);
			path = Interface;
			sourceTree = "<group>";
		};
		182B435F29BC5C8700F06778 /* WindowView */ = {
			isa = PBXGroup;
			children = (
				182B436329BC5C8700F06778 /* MainContentView.swift */,
				182B436029BC5C8700F06778 /* SessionsView.swift */,
				182B436229BC5C8700F06778 /* ChatRoomView.swift */,
				CB27655B29D1C12C00897E0E /* MarkdownView.swift */,
				CB2F972729CEFB65004EBD96 /* ChatRoomToolBar.swift */,
				CB2F972129CED6AE004EBD96 /* ChatRoomInputView.swift */,
				182B436429BC5C8700F06778 /* UserInitializeView.swift */,
				CB27656529D1DA9800897E0E /* AIPromptView.swift */,
				CB27657429D33D7A00897E0E /* AIPromptInputView.swift */,
				182B436129BC5C8700F06778 /* View.swift */,
				182B437A29BC5FBE00F06778 /* EnterAPIView.swift */,
				188FB46629C1FA9700E3C18F /* EidtSessionRemarkView.swift */,
				CB28A52729C1569900F0286A /* ThinkingAnimationView.swift */,
			);
			path = WindowView;
			sourceTree = "<group>";
		};
		182B436C29BC5D1B00F06778 /* NetWork */ = {
			isa = PBXGroup;
			children = (
				182B436D29BC5D1B00F06778 /* HTTPClient.swift */,
			);
			path = NetWork;
			sourceTree = "<group>";
		};
		182B436E29BC5D1B00F06778 /* DataProvider */ = {
			isa = PBXGroup;
			children = (
				182B437129BC5D1B00F06778 /* ChatGPTManager.swift */,
				182B436F29BC5D1B00F06778 /* CoreDataManager.swift */,
				182B437029BC5D1B00F06778 /* ViewModel.swift */,
				CB28A52129C07BE500F0286A /* KeyboardMonitor.swift */,
				CB27657229D30F1400897E0E /* AIPromptViewMdoel.swift */,
				CB53A3BA29D4795300A5B8FC /* AIPromptDataManager.swift */,
			);
			path = DataProvider;
			sourceTree = "<group>";
		};
		CB0F5A5C29D059C4005B71D2 /* SyntaxHighlighter */ = {
			isa = PBXGroup;
			children = (
				CB0F5A5D29D059C4005B71D2 /* TextOutputFormat.swift */,
				CB0F5A5E29D059C4005B71D2 /* SplashCodeSyntaxHighlighter.swift */,
			);
			path = SyntaxHighlighter;
			sourceTree = "<group>";
		};
		CB1DCAB529B4F09D00B1D4E1 = {
			isa = PBXGroup;
			children = (
				CB1DCAC029B4F09D00B1D4E1 /* OSXChatGPT */,
				CB1DCABF29B4F09D00B1D4E1 /* Products */,
				182B42C229BBB00500F06778 /* Frameworks */,
			);
			sourceTree = "<group>";
		};
		CB1DCABF29B4F09D00B1D4E1 /* Products */ = {
			isa = PBXGroup;
			children = (
				CB1DCABE29B4F09D00B1D4E1 /* OSXChatGPT.app */,
			);
			name = Products;
			sourceTree = "<group>";
		};
		CB1DCAC029B4F09D00B1D4E1 /* OSXChatGPT */ = {
			isa = PBXGroup;
			children = (
				CB0F5A5C29D059C4005B71D2 /* SyntaxHighlighter */,
				182B436E29BC5D1B00F06778 /* DataProvider */,
				182B436C29BC5D1B00F06778 /* NetWork */,
				182B435E29BC5C8700F06778 /* Interface */,
				182B435F29BC5C8700F06778 /* WindowView */,
				CBC4B11429B8CB1B00650296 /* Models */,
				182B42B529BBA82800F06778 /* Storyboard.storyboard */,
				CBC4B0FD29B8BF9600650296 /* OSXChatGPT.xcdatamodeld */,
				CB1DCAC529B4F09F00B1D4E1 /* Assets.xcassets */,
				CB1DCACA29B4F09F00B1D4E1 /* OSXChatGPT.entitlements */,
				CB1DCAC729B4F09F00B1D4E1 /* Preview Content */,
			);
			path = OSXChatGPT;
			sourceTree = "<group>";
		};
		CB1DCAC729B4F09F00B1D4E1 /* Preview Content */ = {
			isa = PBXGroup;
			children = (
				CB1DCAC829B4F09F00B1D4E1 /* Preview Assets.xcassets */,
			);
			path = "Preview Content";
			sourceTree = "<group>";
		};
		CBC4B11429B8CB1B00650296 /* Models */ = {
			isa = PBXGroup;
			children = (
				CB53A3BC29D48C8F00A5B8FC /* Prompt+CoreDataClass.swift */,
				CB53A3BD29D48C8F00A5B8FC /* Prompt+CoreDataProperties.swift */,
				CB27656729D1E65100897E0E /* Conversation+CoreDataClass.swift */,
				CB27656829D1E65100897E0E /* Conversation+CoreDataProperties.swift */,
				CBC4B11D29B8D28D00650296 /* Message+CoreDataClass.swift */,
				CBC4B11E29B8D28D00650296 /* Message+CoreDataProperties.swift */,
				182B43A329BF730300F06778 /* NSColor.swift */,
			);
			path = Models;
			sourceTree = "<group>";
		};
/* End PBXGroup section */

/* Begin PBXNativeTarget section */
		CB1DCABD29B4F09D00B1D4E1 /* OSXChatGPT */ = {
			isa = PBXNativeTarget;
			buildConfigurationList = CB1DCACD29B4F09F00B1D4E1 /* Build configuration list for PBXNativeTarget "OSXChatGPT" */;
			buildPhases = (
				CB1DCABA29B4F09D00B1D4E1 /* Sources */,
				CB1DCABB29B4F09D00B1D4E1 /* Frameworks */,
				CB1DCABC29B4F09D00B1D4E1 /* Resources */,
			);
			buildRules = (
			);
			dependencies = (
			);
			name = OSXChatGPT;
			packageProductDependencies = (
				182B42C829BBB1C500F06778 /* Colorful */,
				CB2F971E29CE12B6004EBD96 /* MarkdownUI */,
				CB0F5A5829D057FF005B71D2 /* Splash */,
				CB0F5A5A29D057FF005B71D2 /* SplashMarkdown */,
			);
			productName = OSXChatGPT;
			productReference = CB1DCABE29B4F09D00B1D4E1 /* OSXChatGPT.app */;
			productType = "com.apple.product-type.application";
		};
/* End PBXNativeTarget section */

/* Begin PBXProject section */
		CB1DCAB629B4F09D00B1D4E1 /* Project object */ = {
			isa = PBXProject;
			attributes = {
				LastSwiftUpdateCheck = 1400;
				LastUpgradeCheck = 1400;
				TargetAttributes = {
					CB1DCABD29B4F09D00B1D4E1 = {
						CreatedOnToolsVersion = 14.0.1;
					};
				};
			};
			buildConfigurationList = CB1DCAB929B4F09D00B1D4E1 /* Build configuration list for PBXProject "OSXChatGPT" */;
			compatibilityVersion = "Xcode 14.0";
			developmentRegion = en;
			hasScannedForEncodings = 0;
			knownRegions = (
				en,
				Base,
			);
			mainGroup = CB1DCAB529B4F09D00B1D4E1;
			packageReferences = (
				182B42C729BBB1C500F06778 /* XCRemoteSwiftPackageReference "Colorful" */,
				CB2F971D29CE12B6004EBD96 /* XCRemoteSwiftPackageReference "swift-markdown-ui" */,
				CB0F5A5729D057FF005B71D2 /* XCRemoteSwiftPackageReference "Splash" */,
			);
			productRefGroup = CB1DCABF29B4F09D00B1D4E1 /* Products */;
			projectDirPath = "";
			projectRoot = "";
			targets = (
				CB1DCABD29B4F09D00B1D4E1 /* OSXChatGPT */,
			);
		};
/* End PBXProject section */

/* Begin PBXResourcesBuildPhase section */
		CB1DCABC29B4F09D00B1D4E1 /* Resources */ = {
			isa = PBXResourcesBuildPhase;
			buildActionMask = 2147483647;
			files = (
				CB1DCAC929B4F09F00B1D4E1 /* Preview Assets.xcassets in Resources */,
				CB1DCAC629B4F09F00B1D4E1 /* Assets.xcassets in Resources */,
				182B42B629BBA82800F06778 /* Storyboard.storyboard in Resources */,
			);
			runOnlyForDeploymentPostprocessing = 0;
		};
/* End PBXResourcesBuildPhase section */

/* Begin PBXSourcesBuildPhase section */
		CB1DCABA29B4F09D00B1D4E1 /* Sources */ = {
			isa = PBXSourcesBuildPhase;
			buildActionMask = 2147483647;
			files = (
				CB2F972029CE1ADC004EBD96 /* OSXChatGPT.xcdatamodeld in Sources */,
				182B436929BC5C8700F06778 /* UserInitializeView.swift in Sources */,
				182B43A429BF730300F06778 /* NSColor.swift in Sources */,
				CB27656629D1DA9800897E0E /* AIPromptView.swift in Sources */,
				182B436B29BC5CBA00F06778 /* AppDelegate.swift in Sources */,
				182B437329BC5D1B00F06778 /* CoreDataManager.swift in Sources */,
				188FB46729C1FA9700E3C18F /* EidtSessionRemarkView.swift in Sources */,
				CB27656A29D1E65100897E0E /* Conversation+CoreDataProperties.swift in Sources */,
				182B436629BC5C8700F06778 /* View.swift in Sources */,
				182B437B29BC5FBE00F06778 /* EnterAPIView.swift in Sources */,
				CB0F5A5F29D059C4005B71D2 /* TextOutputFormat.swift in Sources */,
				182B437929BC5D6200F06778 /* OSXChatGPTApp.swift in Sources */,
				CB28A52229C07BE500F0286A /* KeyboardMonitor.swift in Sources */,
				182B437429BC5D1B00F06778 /* ViewModel.swift in Sources */,
				CB53A3BE29D48C8F00A5B8FC /* Prompt+CoreDataClass.swift in Sources */,
				182B436729BC5C8700F06778 /* ChatRoomView.swift in Sources */,
				CB27656929D1E65100897E0E /* Conversation+CoreDataClass.swift in Sources */,
				CB0F5A6029D059C4005B71D2 /* SplashCodeSyntaxHighlighter.swift in Sources */,
				CBC4B12429B8D28D00650296 /* Message+CoreDataProperties.swift in Sources */,
				182B436529BC5C8700F06778 /* SessionsView.swift in Sources */,
				CB27657529D33D7A00897E0E /* AIPromptInputView.swift in Sources */,
				CB53A3BB29D4795300A5B8FC /* AIPromptDataManager.swift in Sources */,
				182B437229BC5D1B00F06778 /* HTTPClient.swift in Sources */,
				CB53A3BF29D48C8F00A5B8FC /* Prompt+CoreDataProperties.swift in Sources */,
				182B436829BC5C8700F06778 /* MainContentView.swift in Sources */,
				CB28A52829C1569900F0286A /* ThinkingAnimationView.swift in Sources */,
				182B437529BC5D1B00F06778 /* ChatGPTManager.swift in Sources */,
				CB2F972229CED6AE004EBD96 /* ChatRoomInputView.swift in Sources */,
				CB2F972829CEFB65004EBD96 /* ChatRoomToolBar.swift in Sources */,
				CBC4B12329B8D28D00650296 /* Message+CoreDataClass.swift in Sources */,
				CB27657329D30F1400897E0E /* AIPromptViewMdoel.swift in Sources */,
				CB27655C29D1C12C00897E0E /* MarkdownView.swift in Sources */,
			);
			runOnlyForDeploymentPostprocessing = 0;
		};
/* End PBXSourcesBuildPhase section */

/* Begin XCBuildConfiguration section */
		CB1DCACB29B4F09F00B1D4E1 /* Debug */ = {
			isa = XCBuildConfiguration;
			buildSettings = {
				ALWAYS_SEARCH_USER_PATHS = NO;
				CLANG_ANALYZER_NONNULL = YES;
				CLANG_ANALYZER_NUMBER_OBJECT_CONVERSION = YES_AGGRESSIVE;
				CLANG_CXX_LANGUAGE_STANDARD = "gnu++20";
				CLANG_ENABLE_MODULES = YES;
				CLANG_ENABLE_OBJC_ARC = YES;
				CLANG_ENABLE_OBJC_WEAK = YES;
				CLANG_WARN_BLOCK_CAPTURE_AUTORELEASING = YES;
				CLANG_WARN_BOOL_CONVERSION = YES;
				CLANG_WARN_COMMA = YES;
				CLANG_WARN_CONSTANT_CONVERSION = YES;
				CLANG_WARN_DEPRECATED_OBJC_IMPLEMENTATIONS = YES;
				CLANG_WARN_DIRECT_OBJC_ISA_USAGE = YES_ERROR;
				CLANG_WARN_DOCUMENTATION_COMMENTS = YES;
				CLANG_WARN_EMPTY_BODY = YES;
				CLANG_WARN_ENUM_CONVERSION = YES;
				CLANG_WARN_INFINITE_RECURSION = YES;
				CLANG_WARN_INT_CONVERSION = YES;
				CLANG_WARN_NON_LITERAL_NULL_CONVERSION = YES;
				CLANG_WARN_OBJC_IMPLICIT_RETAIN_SELF = YES;
				CLANG_WARN_OBJC_LITERAL_CONVERSION = YES;
				CLANG_WARN_OBJC_ROOT_CLASS = YES_ERROR;
				CLANG_WARN_QUOTED_INCLUDE_IN_FRAMEWORK_HEADER = YES;
				CLANG_WARN_RANGE_LOOP_ANALYSIS = YES;
				CLANG_WARN_STRICT_PROTOTYPES = YES;
				CLANG_WARN_SUSPICIOUS_MOVE = YES;
				CLANG_WARN_UNGUARDED_AVAILABILITY = YES_AGGRESSIVE;
				CLANG_WARN_UNREACHABLE_CODE = YES;
				CLANG_WARN__DUPLICATE_METHOD_MATCH = YES;
				COPY_PHASE_STRIP = NO;
				DEBUG_INFORMATION_FORMAT = dwarf;
				ENABLE_STRICT_OBJC_MSGSEND = YES;
				ENABLE_TESTABILITY = YES;
				GCC_C_LANGUAGE_STANDARD = gnu11;
				GCC_DYNAMIC_NO_PIC = NO;
				GCC_NO_COMMON_BLOCKS = YES;
				GCC_OPTIMIZATION_LEVEL = 0;
				GCC_PREPROCESSOR_DEFINITIONS = (
					"DEBUG=1",
					"$(inherited)",
				);
				GCC_WARN_64_TO_32_BIT_CONVERSION = YES;
				GCC_WARN_ABOUT_RETURN_TYPE = YES_ERROR;
				GCC_WARN_UNDECLARED_SELECTOR = YES;
				GCC_WARN_UNINITIALIZED_AUTOS = YES_AGGRESSIVE;
				GCC_WARN_UNUSED_FUNCTION = YES;
				GCC_WARN_UNUSED_VARIABLE = YES;
				MACOSX_DEPLOYMENT_TARGET = 12.3;
				MTL_ENABLE_DEBUG_INFO = INCLUDE_SOURCE;
				MTL_FAST_MATH = YES;
				ONLY_ACTIVE_ARCH = YES;
				SDKROOT = macosx;
				SWIFT_ACTIVE_COMPILATION_CONDITIONS = DEBUG;
				SWIFT_OPTIMIZATION_LEVEL = "-Onone";
			};
			name = Debug;
		};
		CB1DCACC29B4F09F00B1D4E1 /* Release */ = {
			isa = XCBuildConfiguration;
			buildSettings = {
				ALWAYS_SEARCH_USER_PATHS = NO;
				CLANG_ANALYZER_NONNULL = YES;
				CLANG_ANALYZER_NUMBER_OBJECT_CONVERSION = YES_AGGRESSIVE;
				CLANG_CXX_LANGUAGE_STANDARD = "gnu++20";
				CLANG_ENABLE_MODULES = YES;
				CLANG_ENABLE_OBJC_ARC = YES;
				CLANG_ENABLE_OBJC_WEAK = YES;
				CLANG_WARN_BLOCK_CAPTURE_AUTORELEASING = YES;
				CLANG_WARN_BOOL_CONVERSION = YES;
				CLANG_WARN_COMMA = YES;
				CLANG_WARN_CONSTANT_CONVERSION = YES;
				CLANG_WARN_DEPRECATED_OBJC_IMPLEMENTATIONS = YES;
				CLANG_WARN_DIRECT_OBJC_ISA_USAGE = YES_ERROR;
				CLANG_WARN_DOCUMENTATION_COMMENTS = YES;
				CLANG_WARN_EMPTY_BODY = YES;
				CLANG_WARN_ENUM_CONVERSION = YES;
				CLANG_WARN_INFINITE_RECURSION = YES;
				CLANG_WARN_INT_CONVERSION = YES;
				CLANG_WARN_NON_LITERAL_NULL_CONVERSION = YES;
				CLANG_WARN_OBJC_IMPLICIT_RETAIN_SELF = YES;
				CLANG_WARN_OBJC_LITERAL_CONVERSION = YES;
				CLANG_WARN_OBJC_ROOT_CLASS = YES_ERROR;
				CLANG_WARN_QUOTED_INCLUDE_IN_FRAMEWORK_HEADER = YES;
				CLANG_WARN_RANGE_LOOP_ANALYSIS = YES;
				CLANG_WARN_STRICT_PROTOTYPES = YES;
				CLANG_WARN_SUSPICIOUS_MOVE = YES;
				CLANG_WARN_UNGUARDED_AVAILABILITY = YES_AGGRESSIVE;
				CLANG_WARN_UNREACHABLE_CODE = YES;
				CLANG_WARN__DUPLICATE_METHOD_MATCH = YES;
				COPY_PHASE_STRIP = NO;
				DEBUG_INFORMATION_FORMAT = "dwarf-with-dsym";
				ENABLE_NS_ASSERTIONS = NO;
				ENABLE_STRICT_OBJC_MSGSEND = YES;
				GCC_C_LANGUAGE_STANDARD = gnu11;
				GCC_NO_COMMON_BLOCKS = YES;
				GCC_WARN_64_TO_32_BIT_CONVERSION = YES;
				GCC_WARN_ABOUT_RETURN_TYPE = YES_ERROR;
				GCC_WARN_UNDECLARED_SELECTOR = YES;
				GCC_WARN_UNINITIALIZED_AUTOS = YES_AGGRESSIVE;
				GCC_WARN_UNUSED_FUNCTION = YES;
				GCC_WARN_UNUSED_VARIABLE = YES;
				MACOSX_DEPLOYMENT_TARGET = 12.3;
				MTL_ENABLE_DEBUG_INFO = NO;
				MTL_FAST_MATH = YES;
				SDKROOT = macosx;
				SWIFT_COMPILATION_MODE = wholemodule;
				SWIFT_OPTIMIZATION_LEVEL = "-O";
			};
			name = Release;
		};
		CB1DCACE29B4F09F00B1D4E1 /* Debug */ = {
			isa = XCBuildConfiguration;
			buildSettings = {
				ASSETCATALOG_COMPILER_APPICON_NAME = AppIcon;
				ASSETCATALOG_COMPILER_GLOBAL_ACCENT_COLOR_NAME = AccentColor;
				CODE_SIGN_ENTITLEMENTS = OSXChatGPT/OSXChatGPT.entitlements;
				CODE_SIGN_STYLE = Automatic;
				COMBINE_HIDPI_IMAGES = YES;
				CURRENT_PROJECT_VERSION = 1;
				DEVELOPMENT_ASSET_PATHS = "\"OSXChatGPT/Preview Content\"";
				DEVELOPMENT_TEAM = YKJ9G6R72M;
				ENABLE_HARDENED_RUNTIME = YES;
				ENABLE_PREVIEWS = YES;
				GENERATE_INFOPLIST_FILE = YES;
				INFOPLIST_KEY_NSHumanReadableCopyright = "";
				LD_RUNPATH_SEARCH_PATHS = (
					"$(inherited)",
					"@executable_path/../Frameworks",
				);
				MACOSX_DEPLOYMENT_TARGET = 12.0;
				MARKETING_VERSION = 1.1.0;
				PRODUCT_BUNDLE_IDENTIFIER = MustangYM.OSXChatGPT.OSXChatGPT;
				PRODUCT_NAME = "$(TARGET_NAME)";
				SWIFT_EMIT_LOC_STRINGS = YES;
				SWIFT_VERSION = 5.0;
			};
			name = Debug;
		};
		CB1DCACF29B4F09F00B1D4E1 /* Release */ = {
			isa = XCBuildConfiguration;
			buildSettings = {
				ASSETCATALOG_COMPILER_APPICON_NAME = AppIcon;
				ASSETCATALOG_COMPILER_GLOBAL_ACCENT_COLOR_NAME = AccentColor;
				CODE_SIGN_ENTITLEMENTS = OSXChatGPT/OSXChatGPT.entitlements;
				CODE_SIGN_STYLE = Automatic;
				COMBINE_HIDPI_IMAGES = YES;
				CURRENT_PROJECT_VERSION = 1;
				DEVELOPMENT_ASSET_PATHS = "\"OSXChatGPT/Preview Content\"";
				DEVELOPMENT_TEAM = YKJ9G6R72M;
				ENABLE_HARDENED_RUNTIME = YES;
				ENABLE_PREVIEWS = YES;
				GENERATE_INFOPLIST_FILE = YES;
				INFOPLIST_KEY_NSHumanReadableCopyright = "";
				LD_RUNPATH_SEARCH_PATHS = (
					"$(inherited)",
					"@executable_path/../Frameworks",
				);
				MACOSX_DEPLOYMENT_TARGET = 12.0;
				MARKETING_VERSION = 1.1.0;
				PRODUCT_BUNDLE_IDENTIFIER = MustangYM.OSXChatGPT.OSXChatGPT;
				PRODUCT_NAME = "$(TARGET_NAME)";
				SWIFT_EMIT_LOC_STRINGS = YES;
				SWIFT_VERSION = 5.0;
			};
			name = Release;
		};
/* End XCBuildConfiguration section */

/* Begin XCConfigurationList section */
		CB1DCAB929B4F09D00B1D4E1 /* Build configuration list for PBXProject "OSXChatGPT" */ = {
			isa = XCConfigurationList;
			buildConfigurations = (
				CB1DCACB29B4F09F00B1D4E1 /* Debug */,
				CB1DCACC29B4F09F00B1D4E1 /* Release */,
			);
			defaultConfigurationIsVisible = 0;
			defaultConfigurationName = Release;
		};
		CB1DCACD29B4F09F00B1D4E1 /* Build configuration list for PBXNativeTarget "OSXChatGPT" */ = {
			isa = XCConfigurationList;
			buildConfigurations = (
				CB1DCACE29B4F09F00B1D4E1 /* Debug */,
				CB1DCACF29B4F09F00B1D4E1 /* Release */,
			);
			defaultConfigurationIsVisible = 0;
			defaultConfigurationName = Release;
		};
/* End XCConfigurationList section */

/* Begin XCRemoteSwiftPackageReference section */
		182B42C729BBB1C500F06778 /* XCRemoteSwiftPackageReference "Colorful" */ = {
			isa = XCRemoteSwiftPackageReference;
			repositoryURL = "https://github.com/Lakr233/Colorful";
			requirement = {
				kind = upToNextMajorVersion;
				minimumVersion = 1.0.0;
			};
		};
		CB0F5A5729D057FF005B71D2 /* XCRemoteSwiftPackageReference "Splash" */ = {
			isa = XCRemoteSwiftPackageReference;
			repositoryURL = "https://github.com/JohnSundell/Splash";
			requirement = {
				kind = upToNextMajorVersion;
				minimumVersion = 0.9.0;
			};
		};
		CB2F971D29CE12B6004EBD96 /* XCRemoteSwiftPackageReference "swift-markdown-ui" */ = {
			isa = XCRemoteSwiftPackageReference;
			repositoryURL = "https://github.com/gonzalezreal/swift-markdown-ui.git";
			requirement = {
				kind = upToNextMajorVersion;
				minimumVersion = 2.0.0;
			};
		};
/* End XCRemoteSwiftPackageReference section */

/* Begin XCSwiftPackageProductDependency section */
		182B42C829BBB1C500F06778 /* Colorful */ = {
			isa = XCSwiftPackageProductDependency;
			package = 182B42C729BBB1C500F06778 /* XCRemoteSwiftPackageReference "Colorful" */;
			productName = Colorful;
		};
		CB0F5A5829D057FF005B71D2 /* Splash */ = {
			isa = XCSwiftPackageProductDependency;
			package = CB0F5A5729D057FF005B71D2 /* XCRemoteSwiftPackageReference "Splash" */;
			productName = Splash;
		};
		CB0F5A5A29D057FF005B71D2 /* SplashMarkdown */ = {
			isa = XCSwiftPackageProductDependency;
			package = CB0F5A5729D057FF005B71D2 /* XCRemoteSwiftPackageReference "Splash" */;
			productName = SplashMarkdown;
		};
		CB2F971E29CE12B6004EBD96 /* MarkdownUI */ = {
			isa = XCSwiftPackageProductDependency;
			package = CB2F971D29CE12B6004EBD96 /* XCRemoteSwiftPackageReference "swift-markdown-ui" */;
			productName = MarkdownUI;
		};
/* End XCSwiftPackageProductDependency section */

/* Begin XCVersionGroup section */
		CBC4B0FD29B8BF9600650296 /* OSXChatGPT.xcdatamodeld */ = {
			isa = XCVersionGroup;
			children = (
				CBC4B0FE29B8BF9600650296 /* OSXChatGPT.xcdatamodel */,
			);
			currentVersion = CBC4B0FE29B8BF9600650296 /* OSXChatGPT.xcdatamodel */;
			path = OSXChatGPT.xcdatamodeld;
			sourceTree = "<group>";
			versionGroupType = wrapper.xcdatamodel;
		};
/* End XCVersionGroup section */
	};
	rootObject = CB1DCAB629B4F09D00B1D4E1 /* Project object */;
}
