// !$*UTF8*$!
{
	archiveVersion = 1;
	classes = {
	};
	objectVersion = 56;
	objects = {

/* Begin PBXBuildFile section */
		CB1DCAC229B4F09D00B1D4E1 /* OSXChatGPTApp.swift in Sources */ = {isa = PBXBuildFile; fileRef = CB1DCAC129B4F09D00B1D4E1 /* OSXChatGPTApp.swift */; };
		CB1DCAC629B4F09F00B1D4E1 /* Assets.xcassets in Resources */ = {isa = PBXBuildFile; fileRef = CB1DCAC529B4F09F00B1D4E1 /* Assets.xcassets */; };
		CB1DCAC929B4F09F00B1D4E1 /* Preview Assets.xcassets in Resources */ = {isa = PBXBuildFile; fileRef = CB1DCAC829B4F09F00B1D4E1 /* Preview Assets.xcassets */; };
		CB1DCAD129B4F0C800B1D4E1 /* ChatMessageView.swift in Sources */ = {isa = PBXBuildFile; fileRef = CB1DCAD029B4F0C800B1D4E1 /* ChatMessageView.swift */; };
		CB1DCAD329B4F0EF00B1D4E1 /* ChatGPTManager.swift in Sources */ = {isa = PBXBuildFile; fileRef = CB1DCAD229B4F0EF00B1D4E1 /* ChatGPTManager.swift */; };
/* End PBXBuildFile section */

/* Begin PBXFileReference section */
		CB1DCABE29B4F09D00B1D4E1 /* OSXChatGPT.app */ = {isa = PBXFileReference; explicitFileType = wrapper.application; includeInIndex = 0; path = OSXChatGPT.app; sourceTree = BUILT_PRODUCTS_DIR; };
		CB1DCAC129B4F09D00B1D4E1 /* OSXChatGPTApp.swift */ = {isa = PBXFileReference; lastKnownFileType = sourcecode.swift; path = OSXChatGPTApp.swift; sourceTree = "<group>"; };
		CB1DCAC529B4F09F00B1D4E1 /* Assets.xcassets */ = {isa = PBXFileReference; lastKnownFileType = folder.assetcatalog; path = Assets.xcassets; sourceTree = "<group>"; };
		CB1DCAC829B4F09F00B1D4E1 /* Preview Assets.xcassets */ = {isa = PBXFileReference; lastKnownFileType = folder.assetcatalog; path = "Preview Assets.xcassets"; sourceTree = "<group>"; };
		CB1DCACA29B4F09F00B1D4E1 /* OSXChatGPT.entitlements */ = {isa = PBXFileReference; lastKnownFileType = text.plist.entitlements; path = OSXChatGPT.entitlements; sourceTree = "<group>"; };
		CB1DCAD029B4F0C800B1D4E1 /* ChatMessageView.swift */ = {isa = PBXFileReference; fileEncoding = 4; lastKnownFileType = sourcecode.swift; path = ChatMessageView.swift; sourceTree = "<group>"; };
		CB1DCAD229B4F0EF00B1D4E1 /* ChatGPTManager.swift */ = {isa = PBXFileReference; fileEncoding = 4; lastKnownFileType = sourcecode.swift; path = ChatGPTManager.swift; sourceTree = "<group>"; };
/* End PBXFileReference section */

/* Begin PBXFrameworksBuildPhase section */
		CB1DCABB29B4F09D00B1D4E1 /* Frameworks */ = {
			isa = PBXFrameworksBuildPhase;
			buildActionMask = 2147483647;
			files = (
			);
			runOnlyForDeploymentPostprocessing = 0;
		};
/* End PBXFrameworksBuildPhase section */

/* Begin PBXGroup section */
		CB1DCAB529B4F09D00B1D4E1 = {
			isa = PBXGroup;
			children = (
				CB1DCAC029B4F09D00B1D4E1 /* OSXChatGPT */,
				CB1DCABF29B4F09D00B1D4E1 /* Products */,
			);
			sourceTree = "<group>";
		};
		CB1DCABF29B4F09D00B1D4E1 /* Products */ = {
			isa = PBXGroup;
			children = (
				CB1DCABE29B4F09D00B1D4E1 /* OSXChatGPT.app */,
			);
			name = Products;
			sourceTree = "<group>";
		};
		CB1DCAC029B4F09D00B1D4E1 /* OSXChatGPT */ = {
			isa = PBXGroup;
			children = (
				CB1DCAC129B4F09D00B1D4E1 /* OSXChatGPTApp.swift */,
				CB1DCAD029B4F0C800B1D4E1 /* ChatMessageView.swift */,
				CB1DCAD229B4F0EF00B1D4E1 /* ChatGPTManager.swift */,
				CB1DCAC529B4F09F00B1D4E1 /* Assets.xcassets */,
				CB1DCACA29B4F09F00B1D4E1 /* OSXChatGPT.entitlements */,
				CB1DCAC729B4F09F00B1D4E1 /* Preview Content */,
			);
			path = OSXChatGPT;
			sourceTree = "<group>";
		};
		CB1DCAC729B4F09F00B1D4E1 /* Preview Content */ = {
			isa = PBXGroup;
			children = (
				CB1DCAC829B4F09F00B1D4E1 /* Preview Assets.xcassets */,
			);
			path = "Preview Content";
			sourceTree = "<group>";
		};
/* End PBXGroup section */

/* Begin PBXNativeTarget section */
		CB1DCABD29B4F09D00B1D4E1 /* OSXChatGPT */ = {
			isa = PBXNativeTarget;
			buildConfigurationList = CB1DCACD29B4F09F00B1D4E1 /* Build configuration list for PBXNativeTarget "OSXChatGPT" */;
			buildPhases = (
				CB1DCABA29B4F09D00B1D4E1 /* Sources */,
				CB1DCABB29B4F09D00B1D4E1 /* Frameworks */,
				CB1DCABC29B4F09D00B1D4E1 /* Resources */,
			);
			buildRules = (
			);
			dependencies = (
			);
			name = OSXChatGPT;
			productName = OSXChatGPT;
			productReference = CB1DCABE29B4F09D00B1D4E1 /* OSXChatGPT.app */;
			productType = "com.apple.product-type.application";
		};
/* End PBXNativeTarget section */

/* Begin PBXProject section */
		CB1DCAB629B4F09D00B1D4E1 /* Project object */ = {
			isa = PBXProject;
			attributes = {
				BuildIndependentTargetsInParallel = 1;
				LastSwiftUpdateCheck = 1400;
				LastUpgradeCheck = 1400;
				TargetAttributes = {
					CB1DCABD29B4F09D00B1D4E1 = {
						CreatedOnToolsVersion = 14.0.1;
					};
				};
			};
			buildConfigurationList = CB1DCAB929B4F09D00B1D4E1 /* Build configuration list for PBXProject "OSXChatGPT" */;
			compatibilityVersion = "Xcode 14.0";
			developmentRegion = en;
			hasScannedForEncodings = 0;
			knownRegions = (
				en,
				Base,
			);
			mainGroup = CB1DCAB529B4F09D00B1D4E1;
			productRefGroup = CB1DCABF29B4F09D00B1D4E1 /* Products */;
			projectDirPath = "";
			projectRoot = "";
			targets = (
				CB1DCABD29B4F09D00B1D4E1 /* OSXChatGPT */,
			);
		};
/* End PBXProject section */

/* Begin PBXResourcesBuildPhase section */
		CB1DCABC29B4F09D00B1D4E1 /* Resources */ = {
			isa = PBXResourcesBuildPhase;
			buildActionMask = 2147483647;
			files = (
				CB1DCAC929B4F09F00B1D4E1 /* Preview Assets.xcassets in Resources */,
				CB1DCAC629B4F09F00B1D4E1 /* Assets.xcassets in Resources */,
			);
			runOnlyForDeploymentPostprocessing = 0;
		};
/* End PBXResourcesBuildPhase section */

/* Begin PBXSourcesBuildPhase section */
		CB1DCABA29B4F09D00B1D4E1 /* Sources */ = {
			isa = PBXSourcesBuildPhase;
			buildActionMask = 2147483647;
			files = (
				CB1DCAD329B4F0EF00B1D4E1 /* ChatGPTManager.swift in Sources */,
				CB1DCAD129B4F0C800B1D4E1 /* ChatMessageView.swift in Sources */,
				CB1DCAC229B4F09D00B1D4E1 /* OSXChatGPTApp.swift in Sources */,
			);
			runOnlyForDeploymentPostprocessing = 0;
		};
/* End PBXSourcesBuildPhase section */

/* Begin XCBuildConfiguration section */
		CB1DCACB29B4F09F00B1D4E1 /* Debug */ = {
			isa = XCBuildConfiguration;
			buildSettings = {
				ALWAYS_SEARCH_USER_PATHS = NO;
				CLANG_ANALYZER_NONNULL = YES;
				CLANG_ANALYZER_NUMBER_OBJECT_CONVERSION = YES_AGGRESSIVE;
				CLANG_CXX_LANGUAGE_STANDARD = "gnu++20";
				CLANG_ENABLE_MODULES = YES;
				CLANG_ENABLE_OBJC_ARC = YES;
				CLANG_ENABLE_OBJC_WEAK = YES;
				CLANG_WARN_BLOCK_CAPTURE_AUTORELEASING = YES;
				CLANG_WARN_BOOL_CONVERSION = YES;
				CLANG_WARN_COMMA = YES;
				CLANG_WARN_CONSTANT_CONVERSION = YES;
				CLANG_WARN_DEPRECATED_OBJC_IMPLEMENTATIONS = YES;
				CLANG_WARN_DIRECT_OBJC_ISA_USAGE = YES_ERROR;
				CLANG_WARN_DOCUMENTATION_COMMENTS = YES;
				CLANG_WARN_EMPTY_BODY = YES;
				CLANG_WARN_ENUM_CONVERSION = YES;
				CLANG_WARN_INFINITE_RECURSION = YES;
				CLANG_WARN_INT_CONVERSION = YES;
				CLANG_WARN_NON_LITERAL_NULL_CONVERSION = YES;
				CLANG_WARN_OBJC_IMPLICIT_RETAIN_SELF = YES;
				CLANG_WARN_OBJC_LITERAL_CONVERSION = YES;
				CLANG_WARN_OBJC_ROOT_CLASS = YES_ERROR;
				CLANG_WARN_QUOTED_INCLUDE_IN_FRAMEWORK_HEADER = YES;
				CLANG_WARN_RANGE_LOOP_ANALYSIS = YES;
				CLANG_WARN_STRICT_PROTOTYPES = YES;
				CLANG_WARN_SUSPICIOUS_MOVE = YES;
				CLANG_WARN_UNGUARDED_AVAILABILITY = YES_AGGRESSIVE;
				CLANG_WARN_UNREACHABLE_CODE = YES;
				CLANG_WARN__DUPLICATE_METHOD_MATCH = YES;
				COPY_PHASE_STRIP = NO;
				DEBUG_INFORMATION_FORMAT = dwarf;
				ENABLE_STRICT_OBJC_MSGSEND = YES;
				ENABLE_TESTABILITY = YES;
				GCC_C_LANGUAGE_STANDARD = gnu11;
				GCC_DYNAMIC_NO_PIC = NO;
				GCC_NO_COMMON_BLOCKS = YES;
				GCC_OPTIMIZATION_LEVEL = 0;
				GCC_PREPROCESSOR_DEFINITIONS = (
					"DEBUG=1",
					"$(inherited)",
				);
				GCC_WARN_64_TO_32_BIT_CONVERSION = YES;
				GCC_WARN_ABOUT_RETURN_TYPE = YES_ERROR;
				GCC_WARN_UNDECLARED_SELECTOR = YES;
				GCC_WARN_UNINITIALIZED_AUTOS = YES_AGGRESSIVE;
				GCC_WARN_UNUSED_FUNCTION = YES;
				GCC_WARN_UNUSED_VARIABLE = YES;
				MACOSX_DEPLOYMENT_TARGET = 12.3;
				MTL_ENABLE_DEBUG_INFO = INCLUDE_SOURCE;
				MTL_FAST_MATH = YES;
				ONLY_ACTIVE_ARCH = YES;
				SDKROOT = macosx;
				SWIFT_ACTIVE_COMPILATION_CONDITIONS = DEBUG;
				SWIFT_OPTIMIZATION_LEVEL = "-Onone";
			};
			name = Debug;
		};
		CB1DCACC29B4F09F00B1D4E1 /* Release */ = {
			isa = XCBuildConfiguration;
			buildSettings = {
				ALWAYS_SEARCH_USER_PATHS = NO;
				CLANG_ANALYZER_NONNULL = YES;
				CLANG_ANALYZER_NUMBER_OBJECT_CONVERSION = YES_AGGRESSIVE;
				CLANG_CXX_LANGUAGE_STANDARD = "gnu++20";
				CLANG_ENABLE_MODULES = YES;
				CLANG_ENABLE_OBJC_ARC = YES;
				CLANG_ENABLE_OBJC_WEAK = YES;
				CLANG_WARN_BLOCK_CAPTURE_AUTORELEASING = YES;
				CLANG_WARN_BOOL_CONVERSION = YES;
				CLANG_WARN_COMMA = YES;
				CLANG_WARN_CONSTANT_CONVERSION = YES;
				CLANG_WARN_DEPRECATED_OBJC_IMPLEMENTATIONS = YES;
				CLANG_WARN_DIRECT_OBJC_ISA_USAGE = YES_ERROR;
				CLANG_WARN_DOCUMENTATION_COMMENTS = YES;
				CLANG_WARN_EMPTY_BODY = YES;
				CLANG_WARN_ENUM_CONVERSION = YES;
				CLANG_WARN_INFINITE_RECURSION = YES;
				CLANG_WARN_INT_CONVERSION = YES;
				CLANG_WARN_NON_LITERAL_NULL_CONVERSION = YES;
				CLANG_WARN_OBJC_IMPLICIT_RETAIN_SELF = YES;
				CLANG_WARN_OBJC_LITERAL_CONVERSION = YES;
				CLANG_WARN_OBJC_ROOT_CLASS = YES_ERROR;
				CLANG_WARN_QUOTED_INCLUDE_IN_FRAMEWORK_HEADER = YES;
				CLANG_WARN_RANGE_LOOP_ANALYSIS = YES;
				CLANG_WARN_STRICT_PROTOTYPES = YES;
				CLANG_WARN_SUSPICIOUS_MOVE = YES;
				CLANG_WARN_UNGUARDED_AVAILABILITY = YES_AGGRESSIVE;
				CLANG_WARN_UNREACHABLE_CODE = YES;
				CLANG_WARN__DUPLICATE_METHOD_MATCH = YES;
				COPY_PHASE_STRIP = NO;
				DEBUG_INFORMATION_FORMAT = "dwarf-with-dsym";
				ENABLE_NS_ASSERTIONS = NO;
				ENABLE_STRICT_OBJC_MSGSEND = YES;
				GCC_C_LANGUAGE_STANDARD = gnu11;
				GCC_NO_COMMON_BLOCKS = YES;
				GCC_WARN_64_TO_32_BIT_CONVERSION = YES;
				GCC_WARN_ABOUT_RETURN_TYPE = YES_ERROR;
				GCC_WARN_UNDECLARED_SELECTOR = YES;
				GCC_WARN_UNINITIALIZED_AUTOS = YES_AGGRESSIVE;
				GCC_WARN_UNUSED_FUNCTION = YES;
				GCC_WARN_UNUSED_VARIABLE = YES;
				MACOSX_DEPLOYMENT_TARGET = 12.3;
				MTL_ENABLE_DEBUG_INFO = NO;
				MTL_FAST_MATH = YES;
				SDKROOT = macosx;
				SWIFT_COMPILATION_MODE = wholemodule;
				SWIFT_OPTIMIZATION_LEVEL = "-O";
			};
			name = Release;
		};
		CB1DCACE29B4F09F00B1D4E1 /* Debug */ = {
			isa = XCBuildConfiguration;
			buildSettings = {
				ASSETCATALOG_COMPILER_APPICON_NAME = AppIcon;
				ASSETCATALOG_COMPILER_GLOBAL_ACCENT_COLOR_NAME = AccentColor;
				CODE_SIGN_ENTITLEMENTS = OSXChatGPT/OSXChatGPT.entitlements;
				CODE_SIGN_STYLE = Automatic;
				COMBINE_HIDPI_IMAGES = YES;
				CURRENT_PROJECT_VERSION = 1;
				DEVELOPMENT_ASSET_PATHS = "\"OSXChatGPT/Preview Content\"";
				DEVELOPMENT_TEAM = YKJ9G6R72M;
				ENABLE_HARDENED_RUNTIME = YES;
				ENABLE_PREVIEWS = YES;
				GENERATE_INFOPLIST_FILE = YES;
				INFOPLIST_KEY_NSHumanReadableCopyright = "";
				LD_RUNPATH_SEARCH_PATHS = (
					"$(inherited)",
					"@executable_path/../Frameworks",
				);
				MARKETING_VERSION = 1.0;
				PRODUCT_BUNDLE_IDENTIFIER = MustangYM.OSXChatGPT.OSXChatGPT;
				PRODUCT_NAME = "$(TARGET_NAME)";
				SWIFT_EMIT_LOC_STRINGS = YES;
				SWIFT_VERSION = 5.0;
			};
			name = Debug;
		};
		CB1DCACF29B4F09F00B1D4E1 /* Release */ = {
			isa = XCBuildConfiguration;
			buildSettings = {
				ASSETCATALOG_COMPILER_APPICON_NAME = AppIcon;
				ASSETCATALOG_COMPILER_GLOBAL_ACCENT_COLOR_NAME = AccentColor;
				CODE_SIGN_ENTITLEMENTS = OSXChatGPT/OSXChatGPT.entitlements;
				CODE_SIGN_STYLE = Automatic;
				COMBINE_HIDPI_IMAGES = YES;
				CURRENT_PROJECT_VERSION = 1;
				DEVELOPMENT_ASSET_PATHS = "\"OSXChatGPT/Preview Content\"";
				DEVELOPMENT_TEAM = YKJ9G6R72M;
				ENABLE_HARDENED_RUNTIME = YES;
				ENABLE_PREVIEWS = YES;
				GENERATE_INFOPLIST_FILE = YES;
				INFOPLIST_KEY_NSHumanReadableCopyright = "";
				LD_RUNPATH_SEARCH_PATHS = (
					"$(inherited)",
					"@executable_path/../Frameworks",
				);
				MARKETING_VERSION = 1.0;
				PRODUCT_BUNDLE_IDENTIFIER = MustangYM.OSXChatGPT.OSXChatGPT;
				PRODUCT_NAME = "$(TARGET_NAME)";
				SWIFT_EMIT_LOC_STRINGS = YES;
				SWIFT_VERSION = 5.0;
			};
			name = Release;
		};
/* End XCBuildConfiguration section */

/* Begin XCConfigurationList section */
		CB1DCAB929B4F09D00B1D4E1 /* Build configuration list for PBXProject "OSXChatGPT" */ = {
			isa = XCConfigurationList;
			buildConfigurations = (
				CB1DCACB29B4F09F00B1D4E1 /* Debug */,
				CB1DCACC29B4F09F00B1D4E1 /* Release */,
			);
			defaultConfigurationIsVisible = 0;
			defaultConfigurationName = Release;
		};
		CB1DCACD29B4F09F00B1D4E1 /* Build configuration list for PBXNativeTarget "OSXChatGPT" */ = {
			isa = XCConfigurationList;
			buildConfigurations = (
				CB1DCACE29B4F09F00B1D4E1 /* Debug */,
				CB1DCACF29B4F09F00B1D4E1 /* Release */,
			);
			defaultConfigurationIsVisible = 0;
			defaultConfigurationName = Release;
		};
/* End XCConfigurationList section */
	};
	rootObject = CB1DCAB629B4F09D00B1D4E1 /* Project object */;
}
