// !$*UTF8*$!
{
	archiveVersion = 1;
	classes = {
	};
	objectVersion = 56;
	objects = {

/* Begin PBXBuildFile section */
		184653DB29B45AAE0034436F /* AppDelegate.swift in Sources */ = {isa = PBXBuildFile; fileRef = 184653DA29B45AAE0034436F /* AppDelegate.swift */; };
		184653DD29B45AAE0034436F /* ViewController.swift in Sources */ = {isa = PBXBuildFile; fileRef = 184653DC29B45AAE0034436F /* ViewController.swift */; };
		184653DF29B45AAF0034436F /* Assets.xcassets in Resources */ = {isa = PBXBuildFile; fileRef = 184653DE29B45AAF0034436F /* Assets.xcassets */; };
		184653E229B45AAF0034436F /* Main.storyboard in Resources */ = {isa = PBXBuildFile; fileRef = 184653E029B45AAF0034436F /* Main.storyboard */; };
		184653ED29B45AAF0034436F /* OSXChatGPTTests.swift in Sources */ = {isa = PBXBuildFile; fileRef = 184653EC29B45AAF0034436F /* OSXChatGPTTests.swift */; };
		184653F729B45AAF0034436F /* OSXChatGPTUITests.swift in Sources */ = {isa = PBXBuildFile; fileRef = 184653F629B45AAF0034436F /* OSXChatGPTUITests.swift */; };
		184653F929B45AAF0034436F /* OSXChatGPTUITestsLaunchTests.swift in Sources */ = {isa = PBXBuildFile; fileRef = 184653F829B45AAF0034436F /* OSXChatGPTUITestsLaunchTests.swift */; };
/* End PBXBuildFile section */

/* Begin PBXContainerItemProxy section */
		184653E929B45AAF0034436F /* PBXContainerItemProxy */ = {
			isa = PBXContainerItemProxy;
			containerPortal = 184653CF29B45AAE0034436F /* Project object */;
			proxyType = 1;
			remoteGlobalIDString = 184653D629B45AAE0034436F;
			remoteInfo = OSXChatGPT;
		};
		184653F329B45AAF0034436F /* PBXContainerItemProxy */ = {
			isa = PBXContainerItemProxy;
			containerPortal = 184653CF29B45AAE0034436F /* Project object */;
			proxyType = 1;
			remoteGlobalIDString = 184653D629B45AAE0034436F;
			remoteInfo = OSXChatGPT;
		};
/* End PBXContainerItemProxy section */

/* Begin PBXFileReference section */
		184653D729B45AAE0034436F /* OSXChatGPT.app */ = {isa = PBXFileReference; explicitFileType = wrapper.application; includeInIndex = 0; path = OSXChatGPT.app; sourceTree = BUILT_PRODUCTS_DIR; };
		184653DA29B45AAE0034436F /* AppDelegate.swift */ = {isa = PBXFileReference; lastKnownFileType = sourcecode.swift; path = AppDelegate.swift; sourceTree = "<group>"; };
		184653DC29B45AAE0034436F /* ViewController.swift */ = {isa = PBXFileReference; lastKnownFileType = sourcecode.swift; path = ViewController.swift; sourceTree = "<group>"; };
		184653DE29B45AAF0034436F /* Assets.xcassets */ = {isa = PBXFileReference; lastKnownFileType = folder.assetcatalog; path = Assets.xcassets; sourceTree = "<group>"; };
		184653E129B45AAF0034436F /* Base */ = {isa = PBXFileReference; lastKnownFileType = file.storyboard; name = Base; path = Base.lproj/Main.storyboard; sourceTree = "<group>"; };
		184653E329B45AAF0034436F /* OSXChatGPT.entitlements */ = {isa = PBXFileReference; lastKnownFileType = text.plist.entitlements; path = OSXChatGPT.entitlements; sourceTree = "<group>"; };
		184653E829B45AAF0034436F /* OSXChatGPTTests.xctest */ = {isa = PBXFileReference; explicitFileType = wrapper.cfbundle; includeInIndex = 0; path = OSXChatGPTTests.xctest; sourceTree = BUILT_PRODUCTS_DIR; };
		184653EC29B45AAF0034436F /* OSXChatGPTTests.swift */ = {isa = PBXFileReference; lastKnownFileType = sourcecode.swift; path = OSXChatGPTTests.swift; sourceTree = "<group>"; };
		184653F229B45AAF0034436F /* OSXChatGPTUITests.xctest */ = {isa = PBXFileReference; explicitFileType = wrapper.cfbundle; includeInIndex = 0; path = OSXChatGPTUITests.xctest; sourceTree = BUILT_PRODUCTS_DIR; };
		184653F629B45AAF0034436F /* OSXChatGPTUITests.swift */ = {isa = PBXFileReference; lastKnownFileType = sourcecode.swift; path = OSXChatGPTUITests.swift; sourceTree = "<group>"; };
		184653F829B45AAF0034436F /* OSXChatGPTUITestsLaunchTests.swift */ = {isa = PBXFileReference; lastKnownFileType = sourcecode.swift; path = OSXChatGPTUITestsLaunchTests.swift; sourceTree = "<group>"; };
/* End PBXFileReference section */

/* Begin PBXFrameworksBuildPhase section */
		184653D429B45AAE0034436F /* Frameworks */ = {
			isa = PBXFrameworksBuildPhase;
			buildActionMask = 2147483647;
			files = (
			);
			runOnlyForDeploymentPostprocessing = 0;
		};
		184653E529B45AAF0034436F /* Frameworks */ = {
			isa = PBXFrameworksBuildPhase;
			buildActionMask = 2147483647;
			files = (
			);
			runOnlyForDeploymentPostprocessing = 0;
		};
		184653EF29B45AAF0034436F /* Frameworks */ = {
			isa = PBXFrameworksBuildPhase;
			buildActionMask = 2147483647;
			files = (
			);
			runOnlyForDeploymentPostprocessing = 0;
		};
/* End PBXFrameworksBuildPhase section */

/* Begin PBXGroup section */
		184653CE29B45AAE0034436F = {
			isa = PBXGroup;
			children = (
				184653D929B45AAE0034436F /* OSXChatGPT */,
				184653EB29B45AAF0034436F /* OSXChatGPTTests */,
				184653F529B45AAF0034436F /* OSXChatGPTUITests */,
				184653D829B45AAE0034436F /* Products */,
			);
			sourceTree = "<group>";
		};
		184653D829B45AAE0034436F /* Products */ = {
			isa = PBXGroup;
			children = (
				184653D729B45AAE0034436F /* OSXChatGPT.app */,
				184653E829B45AAF0034436F /* OSXChatGPTTests.xctest */,
				184653F229B45AAF0034436F /* OSXChatGPTUITests.xctest */,
			);
			name = Products;
			sourceTree = "<group>";
		};
		184653D929B45AAE0034436F /* OSXChatGPT */ = {
			isa = PBXGroup;
			children = (
				184653DA29B45AAE0034436F /* AppDelegate.swift */,
				184653DC29B45AAE0034436F /* ViewController.swift */,
				184653DE29B45AAF0034436F /* Assets.xcassets */,
				184653E029B45AAF0034436F /* Main.storyboard */,
				184653E329B45AAF0034436F /* OSXChatGPT.entitlements */,
			);
			path = OSXChatGPT;
			sourceTree = "<group>";
		};
		184653EB29B45AAF0034436F /* OSXChatGPTTests */ = {
			isa = PBXGroup;
			children = (
				184653EC29B45AAF0034436F /* OSXChatGPTTests.swift */,
			);
			path = OSXChatGPTTests;
			sourceTree = "<group>";
		};
		184653F529B45AAF0034436F /* OSXChatGPTUITests */ = {
			isa = PBXGroup;
			children = (
				184653F629B45AAF0034436F /* OSXChatGPTUITests.swift */,
				184653F829B45AAF0034436F /* OSXChatGPTUITestsLaunchTests.swift */,
			);
			path = OSXChatGPTUITests;
			sourceTree = "<group>";
		};
/* End PBXGroup section */

/* Begin PBXNativeTarget section */
		184653D629B45AAE0034436F /* OSXChatGPT */ = {
			isa = PBXNativeTarget;
			buildConfigurationList = 184653FC29B45AAF0034436F /* Build configuration list for PBXNativeTarget "OSXChatGPT" */;
			buildPhases = (
				184653D329B45AAE0034436F /* Sources */,
				184653D429B45AAE0034436F /* Frameworks */,
				184653D529B45AAE0034436F /* Resources */,
			);
			buildRules = (
			);
			dependencies = (
			);
			name = OSXChatGPT;
			productName = OSXChatGPT;
			productReference = 184653D729B45AAE0034436F /* OSXChatGPT.app */;
			productType = "com.apple.product-type.application";
		};
		184653E729B45AAF0034436F /* OSXChatGPTTests */ = {
			isa = PBXNativeTarget;
			buildConfigurationList = 184653FF29B45AAF0034436F /* Build configuration list for PBXNativeTarget "OSXChatGPTTests" */;
			buildPhases = (
				184653E429B45AAF0034436F /* Sources */,
				184653E529B45AAF0034436F /* Frameworks */,
				184653E629B45AAF0034436F /* Resources */,
			);
			buildRules = (
			);
			dependencies = (
				184653EA29B45AAF0034436F /* PBXTargetDependency */,
			);
			name = OSXChatGPTTests;
			productName = OSXChatGPTTests;
			productReference = 184653E829B45AAF0034436F /* OSXChatGPTTests.xctest */;
			productType = "com.apple.product-type.bundle.unit-test";
		};
		184653F129B45AAF0034436F /* OSXChatGPTUITests */ = {
			isa = PBXNativeTarget;
			buildConfigurationList = 1846540229B45AAF0034436F /* Build configuration list for PBXNativeTarget "OSXChatGPTUITests" */;
			buildPhases = (
				184653EE29B45AAF0034436F /* Sources */,
				184653EF29B45AAF0034436F /* Frameworks */,
				184653F029B45AAF0034436F /* Resources */,
			);
			buildRules = (
			);
			dependencies = (
				184653F429B45AAF0034436F /* PBXTargetDependency */,
			);
			name = OSXChatGPTUITests;
			productName = OSXChatGPTUITests;
			productReference = 184653F229B45AAF0034436F /* OSXChatGPTUITests.xctest */;
			productType = "com.apple.product-type.bundle.ui-testing";
		};
/* End PBXNativeTarget section */

/* Begin PBXProject section */
		184653CF29B45AAE0034436F /* Project object */ = {
			isa = PBXProject;
			attributes = {
				BuildIndependentTargetsInParallel = 1;
				LastSwiftUpdateCheck = 1420;
				LastUpgradeCheck = 1420;
				TargetAttributes = {
					184653D629B45AAE0034436F = {
						CreatedOnToolsVersion = 14.2;
					};
					184653E729B45AAF0034436F = {
						CreatedOnToolsVersion = 14.2;
						TestTargetID = 184653D629B45AAE0034436F;
					};
					184653F129B45AAF0034436F = {
						CreatedOnToolsVersion = 14.2;
						TestTargetID = 184653D629B45AAE0034436F;
					};
				};
			};
			buildConfigurationList = 184653D229B45AAE0034436F /* Build configuration list for PBXProject "OSXChatGPT" */;
			compatibilityVersion = "Xcode 14.0";
			developmentRegion = en;
			hasScannedForEncodings = 0;
			knownRegions = (
				en,
				Base,
			);
			mainGroup = 184653CE29B45AAE0034436F;
			productRefGroup = 184653D829B45AAE0034436F /* Products */;
			projectDirPath = "";
			projectRoot = "";
			targets = (
				184653D629B45AAE0034436F /* OSXChatGPT */,
				184653E729B45AAF0034436F /* OSXChatGPTTests */,
				184653F129B45AAF0034436F /* OSXChatGPTUITests */,
			);
		};
/* End PBXProject section */

/* Begin PBXResourcesBuildPhase section */
		184653D529B45AAE0034436F /* Resources */ = {
			isa = PBXResourcesBuildPhase;
			buildActionMask = 2147483647;
			files = (
				184653DF29B45AAF0034436F /* Assets.xcassets in Resources */,
				184653E229B45AAF0034436F /* Main.storyboard in Resources */,
			);
			runOnlyForDeploymentPostprocessing = 0;
		};
		184653E629B45AAF0034436F /* Resources */ = {
			isa = PBXResourcesBuildPhase;
			buildActionMask = 2147483647;
			files = (
			);
			runOnlyForDeploymentPostprocessing = 0;
		};
		184653F029B45AAF0034436F /* Resources */ = {
			isa = PBXResourcesBuildPhase;
			buildActionMask = 2147483647;
			files = (
			);
			runOnlyForDeploymentPostprocessing = 0;
		};
/* End PBXResourcesBuildPhase section */

/* Begin PBXSourcesBuildPhase section */
		184653D329B45AAE0034436F /* Sources */ = {
			isa = PBXSourcesBuildPhase;
			buildActionMask = 2147483647;
			files = (
				184653DD29B45AAE0034436F /* ViewController.swift in Sources */,
				184653DB29B45AAE0034436F /* AppDelegate.swift in Sources */,
			);
			runOnlyForDeploymentPostprocessing = 0;
		};
		184653E429B45AAF0034436F /* Sources */ = {
			isa = PBXSourcesBuildPhase;
			buildActionMask = 2147483647;
			files = (
				184653ED29B45AAF0034436F /* OSXChatGPTTests.swift in Sources */,
			);
			runOnlyForDeploymentPostprocessing = 0;
		};
		184653EE29B45AAF0034436F /* Sources */ = {
			isa = PBXSourcesBuildPhase;
			buildActionMask = 2147483647;
			files = (
				184653F729B45AAF0034436F /* OSXChatGPTUITests.swift in Sources */,
				184653F929B45AAF0034436F /* OSXChatGPTUITestsLaunchTests.swift in Sources */,
			);
			runOnlyForDeploymentPostprocessing = 0;
		};
/* End PBXSourcesBuildPhase section */

/* Begin PBXTargetDependency section */
		184653EA29B45AAF0034436F /* PBXTargetDependency */ = {
			isa = PBXTargetDependency;
			target = 184653D629B45AAE0034436F /* OSXChatGPT */;
			targetProxy = 184653E929B45AAF0034436F /* PBXContainerItemProxy */;
		};
		184653F429B45AAF0034436F /* PBXTargetDependency */ = {
			isa = PBXTargetDependency;
			target = 184653D629B45AAE0034436F /* OSXChatGPT */;
			targetProxy = 184653F329B45AAF0034436F /* PBXContainerItemProxy */;
		};
/* End PBXTargetDependency section */

/* Begin PBXVariantGroup section */
		184653E029B45AAF0034436F /* Main.storyboard */ = {
			isa = PBXVariantGroup;
			children = (
				184653E129B45AAF0034436F /* Base */,
			);
			name = Main.storyboard;
			sourceTree = "<group>";
		};
/* End PBXVariantGroup section */

/* Begin XCBuildConfiguration section */
		184653FA29B45AAF0034436F /* Debug */ = {
			isa = XCBuildConfiguration;
			buildSettings = {
				ALWAYS_SEARCH_USER_PATHS = NO;
				CLANG_ANALYZER_NONNULL = YES;
				CLANG_ANALYZER_NUMBER_OBJECT_CONVERSION = YES_AGGRESSIVE;
				CLANG_CXX_LANGUAGE_STANDARD = "gnu++20";
				CLANG_ENABLE_MODULES = YES;
				CLANG_ENABLE_OBJC_ARC = YES;
				CLANG_ENABLE_OBJC_WEAK = YES;
				CLANG_WARN_BLOCK_CAPTURE_AUTORELEASING = YES;
				CLANG_WARN_BOOL_CONVERSION = YES;
				CLANG_WARN_COMMA = YES;
				CLANG_WARN_CONSTANT_CONVERSION = YES;
				CLANG_WARN_DEPRECATED_OBJC_IMPLEMENTATIONS = YES;
				CLANG_WARN_DIRECT_OBJC_ISA_USAGE = YES_ERROR;
				CLANG_WARN_DOCUMENTATION_COMMENTS = YES;
				CLANG_WARN_EMPTY_BODY = YES;
				CLANG_WARN_ENUM_CONVERSION = YES;
				CLANG_WARN_INFINITE_RECURSION = YES;
				CLANG_WARN_INT_CONVERSION = YES;
				CLANG_WARN_NON_LITERAL_NULL_CONVERSION = YES;
				CLANG_WARN_OBJC_IMPLICIT_RETAIN_SELF = YES;
				CLANG_WARN_OBJC_LITERAL_CONVERSION = YES;
				CLANG_WARN_OBJC_ROOT_CLASS = YES_ERROR;
				CLANG_WARN_QUOTED_INCLUDE_IN_FRAMEWORK_HEADER = YES;
				CLANG_WARN_RANGE_LOOP_ANALYSIS = YES;
				CLANG_WARN_STRICT_PROTOTYPES = YES;
				CLANG_WARN_SUSPICIOUS_MOVE = YES;
				CLANG_WARN_UNGUARDED_AVAILABILITY = YES_AGGRESSIVE;
				CLANG_WARN_UNREACHABLE_CODE = YES;
				CLANG_WARN__DUPLICATE_METHOD_MATCH = YES;
				COPY_PHASE_STRIP = NO;
				DEBUG_INFORMATION_FORMAT = dwarf;
				ENABLE_STRICT_OBJC_MSGSEND = YES;
				ENABLE_TESTABILITY = YES;
				GCC_C_LANGUAGE_STANDARD = gnu11;
				GCC_DYNAMIC_NO_PIC = NO;
				GCC_NO_COMMON_BLOCKS = YES;
				GCC_OPTIMIZATION_LEVEL = 0;
				GCC_PREPROCESSOR_DEFINITIONS = (
					"DEBUG=1",
					"$(inherited)",
				);
				GCC_WARN_64_TO_32_BIT_CONVERSION = YES;
				GCC_WARN_ABOUT_RETURN_TYPE = YES_ERROR;
				GCC_WARN_UNDECLARED_SELECTOR = YES;
				GCC_WARN_UNINITIALIZED_AUTOS = YES_AGGRESSIVE;
				GCC_WARN_UNUSED_FUNCTION = YES;
				GCC_WARN_UNUSED_VARIABLE = YES;
				MACOSX_DEPLOYMENT_TARGET = 13.1;
				MTL_ENABLE_DEBUG_INFO = INCLUDE_SOURCE;
				MTL_FAST_MATH = YES;
				ONLY_ACTIVE_ARCH = YES;
				SDKROOT = macosx;
				SWIFT_ACTIVE_COMPILATION_CONDITIONS = DEBUG;
				SWIFT_OPTIMIZATION_LEVEL = "-Onone";
			};
			name = Debug;
		};
		184653FB29B45AAF0034436F /* Release */ = {
			isa = XCBuildConfiguration;
			buildSettings = {
				ALWAYS_SEARCH_USER_PATHS = NO;
				CLANG_ANALYZER_NONNULL = YES;
				CLANG_ANALYZER_NUMBER_OBJECT_CONVERSION = YES_AGGRESSIVE;
				CLANG_CXX_LANGUAGE_STANDARD = "gnu++20";
				CLANG_ENABLE_MODULES = YES;
				CLANG_ENABLE_OBJC_ARC = YES;
				CLANG_ENABLE_OBJC_WEAK = YES;
				CLANG_WARN_BLOCK_CAPTURE_AUTORELEASING = YES;
				CLANG_WARN_BOOL_CONVERSION = YES;
				CLANG_WARN_COMMA = YES;
				CLANG_WARN_CONSTANT_CONVERSION = YES;
				CLANG_WARN_DEPRECATED_OBJC_IMPLEMENTATIONS = YES;
				CLANG_WARN_DIRECT_OBJC_ISA_USAGE = YES_ERROR;
				CLANG_WARN_DOCUMENTATION_COMMENTS = YES;
				CLANG_WARN_EMPTY_BODY = YES;
				CLANG_WARN_ENUM_CONVERSION = YES;
				CLANG_WARN_INFINITE_RECURSION = YES;
				CLANG_WARN_INT_CONVERSION = YES;
				CLANG_WARN_NON_LITERAL_NULL_CONVERSION = YES;
				CLANG_WARN_OBJC_IMPLICIT_RETAIN_SELF = YES;
				CLANG_WARN_OBJC_LITERAL_CONVERSION = YES;
				CLANG_WARN_OBJC_ROOT_CLASS = YES_ERROR;
				CLANG_WARN_QUOTED_INCLUDE_IN_FRAMEWORK_HEADER = YES;
				CLANG_WARN_RANGE_LOOP_ANALYSIS = YES;
				CLANG_WARN_STRICT_PROTOTYPES = YES;
				CLANG_WARN_SUSPICIOUS_MOVE = YES;
				CLANG_WARN_UNGUARDED_AVAILABILITY = YES_AGGRESSIVE;
				CLANG_WARN_UNREACHABLE_CODE = YES;
				CLANG_WARN__DUPLICATE_METHOD_MATCH = YES;
				COPY_PHASE_STRIP = NO;
				DEBUG_INFORMATION_FORMAT = "dwarf-with-dsym";
				ENABLE_NS_ASSERTIONS = NO;
				ENABLE_STRICT_OBJC_MSGSEND = YES;
				GCC_C_LANGUAGE_STANDARD = gnu11;
				GCC_NO_COMMON_BLOCKS = YES;
				GCC_WARN_64_TO_32_BIT_CONVERSION = YES;
				GCC_WARN_ABOUT_RETURN_TYPE = YES_ERROR;
				GCC_WARN_UNDECLARED_SELECTOR = YES;
				GCC_WARN_UNINITIALIZED_AUTOS = YES_AGGRESSIVE;
				GCC_WARN_UNUSED_FUNCTION = YES;
				GCC_WARN_UNUSED_VARIABLE = YES;
				MACOSX_DEPLOYMENT_TARGET = 13.1;
				MTL_ENABLE_DEBUG_INFO = NO;
				MTL_FAST_MATH = YES;
				SDKROOT = macosx;
				SWIFT_COMPILATION_MODE = wholemodule;
				SWIFT_OPTIMIZATION_LEVEL = "-O";
			};
			name = Release;
		};
		184653FD29B45AAF0034436F /* Debug */ = {
			isa = XCBuildConfiguration;
			buildSettings = {
				ASSETCATALOG_COMPILER_APPICON_NAME = AppIcon;
				ASSETCATALOG_COMPILER_GLOBAL_ACCENT_COLOR_NAME = AccentColor;
				CODE_SIGN_ENTITLEMENTS = OSXChatGPT/OSXChatGPT.entitlements;
				CODE_SIGN_STYLE = Automatic;
				COMBINE_HIDPI_IMAGES = YES;
				CURRENT_PROJECT_VERSION = 1;
				DEVELOPMENT_TEAM = YKJ9G6R72M;
				ENABLE_HARDENED_RUNTIME = YES;
				GENERATE_INFOPLIST_FILE = YES;
				INFOPLIST_KEY_NSHumanReadableCopyright = "";
				INFOPLIST_KEY_NSMainStoryboardFile = Main;
				INFOPLIST_KEY_NSPrincipalClass = NSApplication;
				LD_RUNPATH_SEARCH_PATHS = (
					"$(inherited)",
					"@executable_path/../Frameworks",
				);
				MARKETING_VERSION = 1.0;
				PRODUCT_BUNDLE_IDENTIFIER = MustangYM.OSXChatGPT;
				PRODUCT_NAME = "$(TARGET_NAME)";
				SWIFT_EMIT_LOC_STRINGS = YES;
				SWIFT_VERSION = 5.0;
			};
			name = Debug;
		};
		184653FE29B45AAF0034436F /* Release */ = {
			isa = XCBuildConfiguration;
			buildSettings = {
				ASSETCATALOG_COMPILER_APPICON_NAME = AppIcon;
				ASSETCATALOG_COMPILER_GLOBAL_ACCENT_COLOR_NAME = AccentColor;
				CODE_SIGN_ENTITLEMENTS = OSXChatGPT/OSXChatGPT.entitlements;
				CODE_SIGN_STYLE = Automatic;
				COMBINE_HIDPI_IMAGES = YES;
				CURRENT_PROJECT_VERSION = 1;
				DEVELOPMENT_TEAM = YKJ9G6R72M;
				ENABLE_HARDENED_RUNTIME = YES;
				GENERATE_INFOPLIST_FILE = YES;
				INFOPLIST_KEY_NSHumanReadableCopyright = "";
				INFOPLIST_KEY_NSMainStoryboardFile = Main;
				INFOPLIST_KEY_NSPrincipalClass = NSApplication;
				LD_RUNPATH_SEARCH_PATHS = (
					"$(inherited)",
					"@executable_path/../Frameworks",
				);
				MARKETING_VERSION = 1.0;
				PRODUCT_BUNDLE_IDENTIFIER = MustangYM.OSXChatGPT;
				PRODUCT_NAME = "$(TARGET_NAME)";
				SWIFT_EMIT_LOC_STRINGS = YES;
				SWIFT_VERSION = 5.0;
			};
			name = Release;
		};
		1846540029B45AAF0034436F /* Debug */ = {
			isa = XCBuildConfiguration;
			buildSettings = {
				ALWAYS_EMBED_SWIFT_STANDARD_LIBRARIES = YES;
				BUNDLE_LOADER = "$(TEST_HOST)";
				CODE_SIGN_STYLE = Automatic;
				CURRENT_PROJECT_VERSION = 1;
				DEVELOPMENT_TEAM = YKJ9G6R72M;
				GENERATE_INFOPLIST_FILE = YES;
				MACOSX_DEPLOYMENT_TARGET = 13.1;
				MARKETING_VERSION = 1.0;
				PRODUCT_BUNDLE_IDENTIFIER = MustangYM.OSXChatGPTTests;
				PRODUCT_NAME = "$(TARGET_NAME)";
				SWIFT_EMIT_LOC_STRINGS = NO;
				SWIFT_VERSION = 5.0;
				TEST_HOST = "$(BUILT_PRODUCTS_DIR)/OSXChatGPT.app/$(BUNDLE_EXECUTABLE_FOLDER_PATH)/OSXChatGPT";
			};
			name = Debug;
		};
		1846540129B45AAF0034436F /* Release */ = {
			isa = XCBuildConfiguration;
			buildSettings = {
				ALWAYS_EMBED_SWIFT_STANDARD_LIBRARIES = YES;
				BUNDLE_LOADER = "$(TEST_HOST)";
				CODE_SIGN_STYLE = Automatic;
				CURRENT_PROJECT_VERSION = 1;
				DEVELOPMENT_TEAM = YKJ9G6R72M;
				GENERATE_INFOPLIST_FILE = YES;
				MACOSX_DEPLOYMENT_TARGET = 13.1;
				MARKETING_VERSION = 1.0;
				PRODUCT_BUNDLE_IDENTIFIER = MustangYM.OSXChatGPTTests;
				PRODUCT_NAME = "$(TARGET_NAME)";
				SWIFT_EMIT_LOC_STRINGS = NO;
				SWIFT_VERSION = 5.0;
				TEST_HOST = "$(BUILT_PRODUCTS_DIR)/OSXChatGPT.app/$(BUNDLE_EXECUTABLE_FOLDER_PATH)/OSXChatGPT";
			};
			name = Release;
		};
		1846540329B45AAF0034436F /* Debug */ = {
			isa = XCBuildConfiguration;
			buildSettings = {
				ALWAYS_EMBED_SWIFT_STANDARD_LIBRARIES = YES;
				CODE_SIGN_STYLE = Automatic;
				CURRENT_PROJECT_VERSION = 1;
				DEVELOPMENT_TEAM = YKJ9G6R72M;
				GENERATE_INFOPLIST_FILE = YES;
				MARKETING_VERSION = 1.0;
				PRODUCT_BUNDLE_IDENTIFIER = MustangYM.OSXChatGPTUITests;
				PRODUCT_NAME = "$(TARGET_NAME)";
				SWIFT_EMIT_LOC_STRINGS = NO;
				SWIFT_VERSION = 5.0;
				TEST_TARGET_NAME = OSXChatGPT;
			};
			name = Debug;
		};
		1846540429B45AAF0034436F /* Release */ = {
			isa = XCBuildConfiguration;
			buildSettings = {
				ALWAYS_EMBED_SWIFT_STANDARD_LIBRARIES = YES;
				CODE_SIGN_STYLE = Automatic;
				CURRENT_PROJECT_VERSION = 1;
				DEVELOPMENT_TEAM = YKJ9G6R72M;
				GENERATE_INFOPLIST_FILE = YES;
				MARKETING_VERSION = 1.0;
				PRODUCT_BUNDLE_IDENTIFIER = MustangYM.OSXChatGPTUITests;
				PRODUCT_NAME = "$(TARGET_NAME)";
				SWIFT_EMIT_LOC_STRINGS = NO;
				SWIFT_VERSION = 5.0;
				TEST_TARGET_NAME = OSXChatGPT;
			};
			name = Release;
		};
/* End XCBuildConfiguration section */

/* Begin XCConfigurationList section */
		184653D229B45AAE0034436F /* Build configuration list for PBXProject "OSXChatGPT" */ = {
			isa = XCConfigurationList;
			buildConfigurations = (
				184653FA29B45AAF0034436F /* Debug */,
				184653FB29B45AAF0034436F /* Release */,
			);
			defaultConfigurationIsVisible = 0;
			defaultConfigurationName = Release;
		};
		184653FC29B45AAF0034436F /* Build configuration list for PBXNativeTarget "OSXChatGPT" */ = {
			isa = XCConfigurationList;
			buildConfigurations = (
				184653FD29B45AAF0034436F /* Debug */,
				184653FE29B45AAF0034436F /* Release */,
			);
			defaultConfigurationIsVisible = 0;
			defaultConfigurationName = Release;
		};
		184653FF29B45AAF0034436F /* Build configuration list for PBXNativeTarget "OSXChatGPTTests" */ = {
			isa = XCConfigurationList;
			buildConfigurations = (
				1846540029B45AAF0034436F /* Debug */,
				1846540129B45AAF0034436F /* Release */,
			);
			defaultConfigurationIsVisible = 0;
			defaultConfigurationName = Release;
		};
		1846540229B45AAF0034436F /* Build configuration list for PBXNativeTarget "OSXChatGPTUITests" */ = {
			isa = XCConfigurationList;
			buildConfigurations = (
				1846540329B45AAF0034436F /* Debug */,
				1846540429B45AAF0034436F /* Release */,
			);
			defaultConfigurationIsVisible = 0;
			defaultConfigurationName = Release;
		};
/* End XCConfigurationList section */
	};
	rootObject = 184653CF29B45AAE0034436F /* Project object */;
}
